
Microsoft Visual Studio Solution File, Format Version 12.00
# Visual Studio Version 16
VisualStudioVersion = 16.0.30330.147
MinimumVisualStudioVersion = 10.0.40219.1
Project("{FAE04EC0-301F-11D3-BF4B-00C04F79EFBC}") = "MusicEscape", "MusicEscape\MusicEscape.csproj", "{38CA30CE-4C1F-4FB6-BF7F-164F72E103E7}"
EndProject
Global
	GlobalSection(SolutionConfigurationPlatforms) = preSolution
		Debug|Any CPU = Debug|Any CPU
		Release|Any CPU = Release|Any CPU
	EndGlobalSection
	GlobalSection(ProjectConfigurationPlatforms) = postSolution
		{38CA30CE-4C1F-4FB6-BF7F-164F72E103E7}.Debug|Any CPU.ActiveCfg = Debug|Any CPU
		{38CA30CE-4C1F-4FB6-BF7F-164F72E103E7}.Debug|Any CPU.Build.0 = Debug|Any CPU
		{38CA30CE-4C1F-4FB6-BF7F-164F72E103E7}.Release|Any CPU.ActiveCfg = Release|Any CPU
		{38CA30CE-4C1F-4FB6-BF7F-164F72E103E7}.Release|Any CPU.Build.0 = Release|Any CPU
	EndGlobalSection
	GlobalSection(SolutionProperties) = preSolution
		HideSolutionNode = FALSE
	EndGlobalSection
	GlobalSection(ExtensibilityGlobals) = postSolution
		SolutionGuid = {BB71C41C-D2E5-4FB7-A20F-DEFE220A50A0}
	EndGlobalSection
EndGlobal
